// !$*UTF8*$!
{
	archiveVersion = 1;
	classes = {
	};
	objectVersion = 50;
	objects = {

/* Begin PBXBuildFile section */
		6E46A7272464AFEF007E32DA /* cooding_class.cpp in Sources */ = {isa = PBXBuildFile; fileRef = 6E46A7252464AFEF007E32DA /* cooding_class.cpp */; };
		6E46A72B2464B457007E32DA /* global_functions.cpp in Sources */ = {isa = PBXBuildFile; fileRef = 6E46A72A2464B457007E32DA /* global_functions.cpp */; };
		6ED4301A243F8F4F00E4038D /* main.cpp in Sources */ = {isa = PBXBuildFile; fileRef = 6ED43019243F8F4F00E4038D /* main.cpp */; };
/* End PBXBuildFile section */

/* Begin PBXCopyFilesBuildPhase section */
		6ED43014243F8F4F00E4038D /* CopyFiles */ = {
			isa = PBXCopyFilesBuildPhase;
			buildActionMask = 2147483647;
			dstPath = /usr/share/man/man1/;
			dstSubfolderSpec = 0;
			files = (
			);
			runOnlyForDeploymentPostprocessing = 1;
		};
/* End PBXCopyFilesBuildPhase section */

/* Begin PBXFileReference section */
		6E46A7252464AFEF007E32DA /* cooding_class.cpp */ = {isa = PBXFileReference; lastKnownFileType = sourcecode.cpp.cpp; path = cooding_class.cpp; sourceTree = "<group>"; };
		6E46A7282464B127007E32DA /* cooding_class.h */ = {isa = PBXFileReference; lastKnownFileType = sourcecode.c.h; path = cooding_class.h; sourceTree = "<group>"; };
		6E46A7292464B2D4007E32DA /* pch.h */ = {isa = PBXFileReference; lastKnownFileType = sourcecode.c.h; path = pch.h; sourceTree = "<group>"; };
		6E46A72A2464B457007E32DA /* global_functions.cpp */ = {isa = PBXFileReference; lastKnownFileType = sourcecode.cpp.cpp; path = global_functions.cpp; sourceTree = "<group>"; };
		6E46A72C2464B469007E32DA /* global_functions.h */ = {isa = PBXFileReference; lastKnownFileType = sourcecode.c.h; path = global_functions.h; sourceTree = "<group>"; };
		6ED43016243F8F4F00E4038D /* #47 Caesar Shift Cipher */ = {isa = PBXFileReference; explicitFileType = "compiled.mach-o.executable"; includeInIndex = 0; path = "#47 Caesar Shift Cipher"; sourceTree = BUILT_PRODUCTS_DIR; };
		6ED43019243F8F4F00E4038D /* main.cpp */ = {isa = PBXFileReference; lastKnownFileType = sourcecode.cpp.cpp; path = main.cpp; sourceTree = "<group>"; };
/* End PBXFileReference section */

/* Begin PBXFrameworksBuildPhase section */
		6ED43013243F8F4F00E4038D /* Frameworks */ = {
			isa = PBXFrameworksBuildPhase;
			buildActionMask = 2147483647;
			files = (
			);
			runOnlyForDeploymentPostprocessing = 0;
		};
/* End PBXFrameworksBuildPhase section */

/* Begin PBXGroup section */
		6ED4300D243F8F4F00E4038D = {
			isa = PBXGroup;
			children = (
				6ED43018243F8F4F00E4038D /* #47 Caesar Shift Cipher */,
				6ED43017243F8F4F00E4038D /* Products */,
			);
			sourceTree = "<group>";
		};
		6ED43017243F8F4F00E4038D /* Products */ = {
			isa = PBXGroup;
			children = (
				6ED43016243F8F4F00E4038D /* #47 Caesar Shift Cipher */,
			);
			name = Products;
			sourceTree = "<group>";
		};
		6ED43018243F8F4F00E4038D /* #47 Caesar Shift Cipher */ = {
			isa = PBXGroup;
			children = (
				6ED43019243F8F4F00E4038D /* main.cpp */,
				6E46A72A2464B457007E32DA /* global_functions.cpp */,
				6E46A7252464AFEF007E32DA /* cooding_class.cpp */,
				6E46A72C2464B469007E32DA /* global_functions.h */,
				6E46A7282464B127007E32DA /* cooding_class.h */,
				6E46A7292464B2D4007E32DA /* pch.h */,
			);
			path = "#47 Caesar Shift Cipher";
			sourceTree = "<group>";
		};
/* End PBXGroup section */

/* Begin PBXNativeTarget section */
		6ED43015243F8F4F00E4038D /* #47 Caesar Shift Cipher */ = {
			isa = PBXNativeTarget;
			buildConfigurationList = 6ED4301D243F8F4F00E4038D /* Build configuration list for PBXNativeTarget "#47 Caesar Shift Cipher" */;
			buildPhases = (
				6ED43012243F8F4F00E4038D /* Sources */,
				6ED43013243F8F4F00E4038D /* Frameworks */,
				6ED43014243F8F4F00E4038D /* CopyFiles */,
			);
			buildRules = (
			);
			dependencies = (
			);
			name = "#47 Caesar Shift Cipher";
			productName = "#47 Caesar Shift Cipher";
			productReference = 6ED43016243F8F4F00E4038D /* #47 Caesar Shift Cipher */;
			productType = "com.apple.product-type.tool";
		};
/* End PBXNativeTarget section */

/* Begin PBXProject section */
		6ED4300E243F8F4F00E4038D /* Project object */ = {
			isa = PBXProject;
			attributes = {
				LastUpgradeCheck = 1100;
				ORGANIZATIONNAME = "Владислав Легков";
				TargetAttributes = {
					6ED43015243F8F4F00E4038D = {
						CreatedOnToolsVersion = 11.0;
					};
				};
			};
			buildConfigurationList = 6ED43011243F8F4F00E4038D /* Build configuration list for PBXProject "#47 Caesar Shift Cipher" */;
			compatibilityVersion = "Xcode 9.3";
			developmentRegion = en;
			hasScannedForEncodings = 0;
			knownRegions = (
				en,
				Base,
			);
			mainGroup = 6ED4300D243F8F4F00E4038D;
			productRefGroup = 6ED43017243F8F4F00E4038D /* Products */;
			projectDirPath = "";
			projectRoot = "";
			targets = (
				6ED43015243F8F4F00E4038D /* #47 Caesar Shift Cipher */,
			);
		};
/* End PBXProject section */

/* Begin PBXSourcesBuildPhase section */
		6ED43012243F8F4F00E4038D /* Sources */ = {
			isa = PBXSourcesBuildPhase;
			buildActionMask = 2147483647;
			files = (
				6E46A7272464AFEF007E32DA /* cooding_class.cpp in Sources */,
				6ED4301A243F8F4F00E4038D /* main.cpp in Sources */,
				6E46A72B2464B457007E32DA /* global_functions.cpp in Sources */,
			);
			runOnlyForDeploymentPostprocessing = 0;
		};
/* End PBXSourcesBuildPhase section */

/* Begin XCBuildConfiguration section */
		6ED4301B243F8F4F00E4038D /* Debug */ = {
			isa = XCBuildConfiguration;
			buildSettings = {
				ALWAYS_SEARCH_USER_PATHS = NO;
				CLANG_ANALYZER_NONNULL = YES;
				CLANG_ANALYZER_NUMBER_OBJECT_CONVERSION = YES_AGGRESSIVE;
				CLANG_CXX_LANGUAGE_STANDARD = "gnu++14";
				CLANG_CXX_LIBRARY = "libc++";
				CLANG_ENABLE_MODULES = YES;
				CLANG_ENABLE_OBJC_ARC = YES;
				CLANG_ENABLE_OBJC_WEAK = YES;
				CLANG_WARN_BLOCK_CAPTURE_AUTORELEASING = YES;
				CLANG_WARN_BOOL_CONVERSION = YES;
				CLANG_WARN_COMMA = YES;
				CLANG_WARN_CONSTANT_CONVERSION = YES;
				CLANG_WARN_DEPRECATED_OBJC_IMPLEMENTATIONS = YES;
				CLANG_WARN_DIRECT_OBJC_ISA_USAGE = YES_ERROR;
				CLANG_WARN_DOCUMENTATION_COMMENTS = YES;
				CLANG_WARN_EMPTY_BODY = YES;
				CLANG_WARN_ENUM_CONVERSION = YES;
				CLANG_WARN_INFINITE_RECURSION = YES;
				CLANG_WARN_INT_CONVERSION = YES;
				CLANG_WARN_NON_LITERAL_NULL_CONVERSION = YES;
				CLANG_WARN_OBJC_IMPLICIT_RETAIN_SELF = YES;
				CLANG_WARN_OBJC_LITERAL_CONVERSION = YES;
				CLANG_WARN_OBJC_ROOT_CLASS = YES_ERROR;
				CLANG_WARN_RANGE_LOOP_ANALYSIS = YES;
				CLANG_WARN_STRICT_PROTOTYPES = YES;
				CLANG_WARN_SUSPICIOUS_MOVE = YES;
				CLANG_WARN_UNGUARDED_AVAILABILITY = YES_AGGRESSIVE;
				CLANG_WARN_UNREACHABLE_CODE = YES;
				CLANG_WARN__DUPLICATE_METHOD_MATCH = YES;
				COPY_PHASE_STRIP = NO;
				DEBUG_INFORMATION_FORMAT = dwarf;
				ENABLE_STRICT_OBJC_MSGSEND = YES;
				ENABLE_TESTABILITY = YES;
				GCC_C_LANGUAGE_STANDARD = gnu11;
				GCC_DYNAMIC_NO_PIC = NO;
				GCC_NO_COMMON_BLOCKS = YES;
				GCC_OPTIMIZATION_LEVEL = 0;
				GCC_PREPROCESSOR_DEFINITIONS = (
					"DEBUG=1",
					"$(inherited)",
				);
				GCC_WARN_64_TO_32_BIT_CONVERSION = YES;
				GCC_WARN_ABOUT_RETURN_TYPE = YES_ERROR;
				GCC_WARN_UNDECLARED_SELECTOR = YES;
				GCC_WARN_UNINITIALIZED_AUTOS = YES_AGGRESSIVE;
				GCC_WARN_UNUSED_FUNCTION = YES;
				GCC_WARN_UNUSED_VARIABLE = YES;
				MACOSX_DEPLOYMENT_TARGET = 10.14;
				MTL_ENABLE_DEBUG_INFO = INCLUDE_SOURCE;
				MTL_FAST_MATH = YES;
				ONLY_ACTIVE_ARCH = YES;
				SDKROOT = macosx;
			};
			name = Debug;
		};
		6ED4301C243F8F4F00E4038D /* Release */ = {
			isa = XCBuildConfiguration;
			buildSettings = {
				ALWAYS_SEARCH_USER_PATHS = NO;
				CLANG_ANALYZER_NONNULL = YES;
				CLANG_ANALYZER_NUMBER_OBJECT_CONVERSION = YES_AGGRESSIVE;
				CLANG_CXX_LANGUAGE_STANDARD = "gnu++14";
				CLANG_CXX_LIBRARY = "libc++";
				CLANG_ENABLE_MODULES = YES;
				CLANG_ENABLE_OBJC_ARC = YES;
				CLANG_ENABLE_OBJC_WEAK = YES;
				CLANG_WARN_BLOCK_CAPTURE_AUTORELEASING = YES;
				CLANG_WARN_BOOL_CONVERSION = YES;
				CLANG_WARN_COMMA = YES;
				CLANG_WARN_CONSTANT_CONVERSION = YES;
				CLANG_WARN_DEPRECATED_OBJC_IMPLEMENTATIONS = YES;
				CLANG_WARN_DIRECT_OBJC_ISA_USAGE = YES_ERROR;
				CLANG_WARN_DOCUMENTATION_COMMENTS = YES;
				CLANG_WARN_EMPTY_BODY = YES;
				CLANG_WARN_ENUM_CONVERSION = YES;
				CLANG_WARN_INFINITE_RECURSION = YES;
				CLANG_WARN_INT_CONVERSION = YES;
				CLANG_WARN_NON_LITERAL_NULL_CONVERSION = YES;
				CLANG_WARN_OBJC_IMPLICIT_RETAIN_SELF = YES;
				CLANG_WARN_OBJC_LITERAL_CONVERSION = YES;
				CLANG_WARN_OBJC_ROOT_CLASS = YES_ERROR;
				CLANG_WARN_RANGE_LOOP_ANALYSIS = YES;
				CLANG_WARN_STRICT_PROTOTYPES = YES;
				CLANG_WARN_SUSPICIOUS_MOVE = YES;
				CLANG_WARN_UNGUARDED_AVAILABILITY = YES_AGGRESSIVE;
				CLANG_WARN_UNREACHABLE_CODE = YES;
				CLANG_WARN__DUPLICATE_METHOD_MATCH = YES;
				COPY_PHASE_STRIP = NO;
				DEBUG_INFORMATION_FORMAT = "dwarf-with-dsym";
				ENABLE_NS_ASSERTIONS = NO;
				ENABLE_STRICT_OBJC_MSGSEND = YES;
				GCC_C_LANGUAGE_STANDARD = gnu11;
				GCC_NO_COMMON_BLOCKS = YES;
				GCC_WARN_64_TO_32_BIT_CONVERSION = YES;
				GCC_WARN_ABOUT_RETURN_TYPE = YES_ERROR;
				GCC_WARN_UNDECLARED_SELECTOR = YES;
				GCC_WARN_UNINITIALIZED_AUTOS = YES_AGGRESSIVE;
				GCC_WARN_UNUSED_FUNCTION = YES;
				GCC_WARN_UNUSED_VARIABLE = YES;
				MACOSX_DEPLOYMENT_TARGET = 10.14;
				MTL_ENABLE_DEBUG_INFO = NO;
				MTL_FAST_MATH = YES;
				SDKROOT = macosx;
			};
			name = Release;
		};
		6ED4301E243F8F4F00E4038D /* Debug */ = {
			isa = XCBuildConfiguration;
			buildSettings = {
				CODE_SIGN_STYLE = Automatic;
				PRODUCT_NAME = "$(TARGET_NAME)";
			};
			name = Debug;
		};
		6ED4301F243F8F4F00E4038D /* Release */ = {
			isa = XCBuildConfiguration;
			buildSettings = {
				CODE_SIGN_STYLE = Automatic;
				PRODUCT_NAME = "$(TARGET_NAME)";
			};
			name = Release;
		};
/* End XCBuildConfiguration section */

/* Begin XCConfigurationList section */
		6ED43011243F8F4F00E4038D /* Build configuration list for PBXProject "#47 Caesar Shift Cipher" */ = {
			isa = XCConfigurationList;
			buildConfigurations = (
				6ED4301B243F8F4F00E4038D /* Debug */,
				6ED4301C243F8F4F00E4038D /* Release */,
			);
			defaultConfigurationIsVisible = 0;
			defaultConfigurationName = Release;
		};
		6ED4301D243F8F4F00E4038D /* Build configuration list for PBXNativeTarget "#47 Caesar Shift Cipher" */ = {
			isa = XCConfigurationList;
			buildConfigurations = (
				6ED4301E243F8F4F00E4038D /* Debug */,
				6ED4301F243F8F4F00E4038D /* Release */,
			);
			defaultConfigurationIsVisible = 0;
			defaultConfigurationName = Release;
		};
/* End XCConfigurationList section */
	};
	rootObject = 6ED4300E243F8F4F00E4038D /* Project object */;
}
